// !$*UTF8*$!
{
	archiveVersion = 1;
	classes = {
	};
	objectVersion = 46;
	objects = {

/* Begin PBXBuildFile section */
		3049AB8F1AA84AF0006DB915 /* main.m in Sources */ = {isa = PBXBuildFile; fileRef = 3049AB8E1AA84AF0006DB915 /* main.m */; };
		3049AB921AA84AF0006DB915 /* AppDelegate.m in Sources */ = {isa = PBXBuildFile; fileRef = 3049AB911AA84AF0006DB915 /* AppDelegate.m */; };
		3049AB951AA84AF0006DB915 /* ViewController.m in Sources */ = {isa = PBXBuildFile; fileRef = 3049AB941AA84AF0006DB915 /* ViewController.m */; };
		3049AB981AA84AF0006DB915 /* Main.storyboard in Resources */ = {isa = PBXBuildFile; fileRef = 3049AB961AA84AF0006DB915 /* Main.storyboard */; };
		3049AB9A1AA84AF0006DB915 /* Images.xcassets in Resources */ = {isa = PBXBuildFile; fileRef = 3049AB991AA84AF0006DB915 /* Images.xcassets */; };
		3049ABA91AA84AF0006DB915 /* ComicVuforiaTests.m in Sources */ = {isa = PBXBuildFile; fileRef = 3049ABA81AA84AF0006DB915 /* ComicVuforiaTests.m */; };
		306619421AA9357C00F4D8C9 /* QCARSession.mm in Sources */ = {isa = PBXBuildFile; fileRef = 306619411AA9357C00F4D8C9 /* QCARSession.mm */; };
		306619481AA937BE00F4D8C9 /* ImageTargetsEAGLView.mm in Sources */ = {isa = PBXBuildFile; fileRef = 306619451AA937BE00F4D8C9 /* ImageTargetsEAGLView.mm */; };
		306619491AA937BE00F4D8C9 /* ImageTargetsViewController.mm in Sources */ = {isa = PBXBuildFile; fileRef = 306619471AA937BE00F4D8C9 /* ImageTargetsViewController.mm */; };
		3066195D1AA9384F00F4D8C9 /* SampleApplicationUtils.cpp in Sources */ = {isa = PBXBuildFile; fileRef = 306619501AA9384F00F4D8C9 /* SampleApplicationUtils.cpp */; };
		306619AA1AA93C8A00F4D8C9 /* StonesAndChips.dat in Resources */ = {isa = PBXBuildFile; fileRef = 306619771AA93C8A00F4D8C9 /* StonesAndChips.dat */; };
		306619AB1AA93C8A00F4D8C9 /* StonesAndChips.xml in Resources */ = {isa = PBXBuildFile; fileRef = 306619781AA93C8A00F4D8C9 /* StonesAndChips.xml */; };
		306619AC1AA93C8A00F4D8C9 /* Tarmac.dat in Resources */ = {isa = PBXBuildFile; fileRef = 306619791AA93C8A00F4D8C9 /* Tarmac.dat */; };
		306619AD1AA93C8A00F4D8C9 /* Tarmac.xml in Resources */ = {isa = PBXBuildFile; fileRef = 3066197A1AA93C8A00F4D8C9 /* Tarmac.xml */; };
		30ABDD4C1AA8677A0062A8AB /* CoreVideo.framework in Frameworks */ = {isa = PBXBuildFile; fileRef = 30ABDD4B1AA8677A0062A8AB /* CoreVideo.framework */; };
		30ABDD4E1AA8678D0062A8AB /* CoreMedia.framework in Frameworks */ = {isa = PBXBuildFile; fileRef = 30ABDD4D1AA8678D0062A8AB /* CoreMedia.framework */; };
		30ABDD501AA867960062A8AB /* AVFoundation.framework in Frameworks */ = {isa = PBXBuildFile; fileRef = 30ABDD4F1AA867960062A8AB /* AVFoundation.framework */; };
		30ABDD521AA8679F0062A8AB /* UIKit.framework in Frameworks */ = {isa = PBXBuildFile; fileRef = 30ABDD511AA8679F0062A8AB /* UIKit.framework */; };
		30ABDD541AA867A90062A8AB /* Foundation.framework in Frameworks */ = {isa = PBXBuildFile; fileRef = 30ABDD531AA867A90062A8AB /* Foundation.framework */; };
		30ABDD561AA867B30062A8AB /* CoreFoundation.framework in Frameworks */ = {isa = PBXBuildFile; fileRef = 30ABDD551AA867B30062A8AB /* CoreFoundation.framework */; };
		30ABDD581AA867BE0062A8AB /* QuartzCore.framework in Frameworks */ = {isa = PBXBuildFile; fileRef = 30ABDD571AA867BE0062A8AB /* QuartzCore.framework */; };
		30ABDD5A1AA867CA0062A8AB /* SystemConfiguration.framework in Frameworks */ = {isa = PBXBuildFile; fileRef = 30ABDD591AA867CA0062A8AB /* SystemConfiguration.framework */; };
		30ABDD5C1AA867D40062A8AB /* OpenGLES.framework in Frameworks */ = {isa = PBXBuildFile; fileRef = 30ABDD5B1AA867D40062A8AB /* OpenGLES.framework */; };
		30ABDD5E1AA867DD0062A8AB /* CoreMotion.framework in Frameworks */ = {isa = PBXBuildFile; fileRef = 30ABDD5D1AA867DD0062A8AB /* CoreMotion.framework */; };
		30ABDD601AA867E40062A8AB /* Security.framework in Frameworks */ = {isa = PBXBuildFile; fileRef = 30ABDD5F1AA867E40062A8AB /* Security.framework */; };
		880D65AA1AABD17300AEAE61 /* CustomButton.m in Sources */ = {isa = PBXBuildFile; fileRef = 880D65A91AABD17300AEAE61 /* CustomButton.m */; };
		88186E7F1AAAEA1F00FD3A53 /* AddressBook.framework in Frameworks */ = {isa = PBXBuildFile; fileRef = 88186E7E1AAAEA1F00FD3A53 /* AddressBook.framework */; };
		88186E811AAAEA3100FD3A53 /* AudioToolbox.framework in Frameworks */ = {isa = PBXBuildFile; fileRef = 88186E801AAAEA3100FD3A53 /* AudioToolbox.framework */; };
		88186E851AAAEB3000FD3A53 /* CoreTelephony.framework in Frameworks */ = {isa = PBXBuildFile; fileRef = 88186E841AAAEB3000FD3A53 /* CoreTelephony.framework */; };
		881B6B0F1AB949810057A746 /* Histoire.dae in Resources */ = {isa = PBXBuildFile; fileRef = 881B6B011AB949810057A746 /* Histoire.dae */; };
		881B6B101AB949810057A746 /* Histoire.png in Resources */ = {isa = PBXBuildFile; fileRef = 881B6B021AB949810057A746 /* Histoire.png */; };
		881B6B131AB949810057A746 /* acce.png in Resources */ = {isa = PBXBuildFile; fileRef = 881B6B061AB949810057A746 /* acce.png */; };
		881B6B141AB949810057A746 /* base_00.png in Resources */ = {isa = PBXBuildFile; fileRef = 881B6B071AB949810057A746 /* base_00.png */; };
		881B6B151AB949810057A746 /* body_c.png in Resources */ = {isa = PBXBuildFile; fileRef = 881B6B081AB949810057A746 /* body_c.png */; };
		881B6B161AB949810057A746 /* brow_00.png in Resources */ = {isa = PBXBuildFile; fileRef = 881B6B091AB949810057A746 /* brow_00.png */; };
		881B6B171AB949810057A746 /* eyelid_00.png in Resources */ = {isa = PBXBuildFile; fileRef = 881B6B0A1AB949810057A746 /* eyelid_00.png */; };
		881B6B181AB949810057A746 /* face_c.png in Resources */ = {isa = PBXBuildFile; fileRef = 881B6B0B1AB949810057A746 /* face_c.png */; };
		881B6B191AB949810057A746 /* hair_c.png in Resources */ = {isa = PBXBuildFile; fileRef = 881B6B0C1AB949810057A746 /* hair_c.png */; };
		881B6B1A1AB949810057A746 /* mouth_00.png in Resources */ = {isa = PBXBuildFile; fileRef = 881B6B0D1AB949810057A746 /* mouth_00.png */; };
		881B6B1B1AB949810057A746 /* pupil_00.png in Resources */ = {isa = PBXBuildFile; fileRef = 881B6B0E1AB949810057A746 /* pupil_00.png */; };
		884106971B01CEC900E71C1B /* ComicVuforia.dat in Resources */ = {isa = PBXBuildFile; fileRef = 884106951B01CEC900E71C1B /* ComicVuforia.dat */; };
		884106981B01CEC900E71C1B /* ComicVuforia.xml in Resources */ = {isa = PBXBuildFile; fileRef = 884106961B01CEC900E71C1B /* ComicVuforia.xml */; };
		886BE8311AABEAFA0049F68B /* MBProgressHUD.m in Sources */ = {isa = PBXBuildFile; fileRef = 886BE8301AABEAFA0049F68B /* MBProgressHUD.m */; };
		886EF7C11AB921A500785CF1 /* AboutViewController.m in Sources */ = {isa = PBXBuildFile; fileRef = 886EF7BD1AB921A500785CF1 /* AboutViewController.m */; };
		886EF7C21AB921A500785CF1 /* BriefViewController.m in Sources */ = {isa = PBXBuildFile; fileRef = 886EF7BF1AB921A500785CF1 /* BriefViewController.m */; };
		886EF7C31AB921A500785CF1 /* gtk_cancel.png in Resources */ = {isa = PBXBuildFile; fileRef = 886EF7C01AB921A500785CF1 /* gtk_cancel.png */; };
		886EF7C61AB9253500785CF1 /* SettingViewController.m in Sources */ = {isa = PBXBuildFile; fileRef = 886EF7C51AB9253500785CF1 /* SettingViewController.m */; };
		888C48DB1AAD681B007CA1CC /* lf.xml in Resources */ = {isa = PBXBuildFile; fileRef = 888C48D91AAD681B007CA1CC /* lf.xml */; };
		888C48DC1AAD681B007CA1CC /* lf.dat in Resources */ = {isa = PBXBuildFile; fileRef = 888C48DA1AAD681B007CA1CC /* lf.dat */; };
		889A91E11ABDA3BE000D8783 /* CoreGraphics.framework in Frameworks */ = {isa = PBXBuildFile; fileRef = 889A91E01ABDA3BE000D8783 /* CoreGraphics.framework */; };
		889A91E31ABDA436000D8783 /* CoreLocation.framework in Frameworks */ = {isa = PBXBuildFile; fileRef = 889A91E21ABDA436000D8783 /* CoreLocation.framework */; };
		889A91E51ABDA489000D8783 /* libz.dylib in Frameworks */ = {isa = PBXBuildFile; fileRef = 889A91E41ABDA489000D8783 /* libz.dylib */; };
		88B4A5271AB708FD00DD1756 /* GLKit.framework in Frameworks */ = {isa = PBXBuildFile; fileRef = 88B4A5261AB708FD00DD1756 /* GLKit.framework */; };
		88BD1F421AF0BA8C0066CA4F /* ioapi.c in Sources */ = {isa = PBXBuildFile; fileRef = 88BD1F381AF0BA8C0066CA4F /* ioapi.c */; };
		88BD1F431AF0BA8C0066CA4F /* mztools.c in Sources */ = {isa = PBXBuildFile; fileRef = 88BD1F3A1AF0BA8C0066CA4F /* mztools.c */; };
		88BD1F441AF0BA8C0066CA4F /* unzip.c in Sources */ = {isa = PBXBuildFile; fileRef = 88BD1F3C1AF0BA8C0066CA4F /* unzip.c */; };
		88BD1F451AF0BA8C0066CA4F /* zip.c in Sources */ = {isa = PBXBuildFile; fileRef = 88BD1F3E1AF0BA8C0066CA4F /* zip.c */; };
		88BD1F461AF0BA8C0066CA4F /* SSZipArchive.m in Sources */ = {isa = PBXBuildFile; fileRef = 88BD1F411AF0BA8C0066CA4F /* SSZipArchive.m */; };
		88BD1F5B1AF0BAE40066CA4F /* AFHTTPRequestOperation.m in Sources */ = {isa = PBXBuildFile; fileRef = 88BD1F491AF0BAE40066CA4F /* AFHTTPRequestOperation.m */; };
		88BD1F5C1AF0BAE40066CA4F /* AFHTTPRequestOperationManager.m in Sources */ = {isa = PBXBuildFile; fileRef = 88BD1F4B1AF0BAE40066CA4F /* AFHTTPRequestOperationManager.m */; };
		88BD1F5D1AF0BAE40066CA4F /* AFHTTPSessionManager.m in Sources */ = {isa = PBXBuildFile; fileRef = 88BD1F4D1AF0BAE40066CA4F /* AFHTTPSessionManager.m */; };
		88BD1F5E1AF0BAE40066CA4F /* AFNetworkReachabilityManager.m in Sources */ = {isa = PBXBuildFile; fileRef = 88BD1F501AF0BAE40066CA4F /* AFNetworkReachabilityManager.m */; };
		88BD1F5F1AF0BAE40066CA4F /* AFSecurityPolicy.m in Sources */ = {isa = PBXBuildFile; fileRef = 88BD1F521AF0BAE40066CA4F /* AFSecurityPolicy.m */; };
		88BD1F601AF0BAE40066CA4F /* AFURLConnectionOperation.m in Sources */ = {isa = PBXBuildFile; fileRef = 88BD1F541AF0BAE40066CA4F /* AFURLConnectionOperation.m */; };
		88BD1F611AF0BAE40066CA4F /* AFURLRequestSerialization.m in Sources */ = {isa = PBXBuildFile; fileRef = 88BD1F561AF0BAE40066CA4F /* AFURLRequestSerialization.m */; };
		88BD1F621AF0BAE40066CA4F /* AFURLResponseSerialization.m in Sources */ = {isa = PBXBuildFile; fileRef = 88BD1F581AF0BAE40066CA4F /* AFURLResponseSerialization.m */; };
		88BD1F631AF0BAE40066CA4F /* AFURLSessionManager.m in Sources */ = {isa = PBXBuildFile; fileRef = 88BD1F5A1AF0BAE40066CA4F /* AFURLSessionManager.m */; };
		88BD1F651AF0BBC20066CA4F /* model.plist in Resources */ = {isa = PBXBuildFile; fileRef = 88BD1F641AF0BBC20066CA4F /* model.plist */; };
		88C347241B02DDD500A5D8C9 /* SampleMath.cpp in Sources */ = {isa = PBXBuildFile; fileRef = 88C347221B02DDD500A5D8C9 /* SampleMath.cpp */; };
		88C925B51B038DAA002E9F24 /* AppleWatch.scnassets in Resources */ = {isa = PBXBuildFile; fileRef = 88C925B41B038DAA002E9F24 /* AppleWatch.scnassets */; };
		88D256B61AAAE343001261F8 /* iflyMSC.framework in Frameworks */ = {isa = PBXBuildFile; fileRef = 88D256B51AAAE343001261F8 /* iflyMSC.framework */; };
		88D4C6BA1ABFF006002B782E /* UIImage+fixOrientation.m in Sources */ = {isa = PBXBuildFile; fileRef = 88D4C6B91ABFF006002B782E /* UIImage+fixOrientation.m */; };
		88DF22041ABBFE1F00B65E21 /* Reachability.m in Sources */ = {isa = PBXBuildFile; fileRef = 88DF21F61ABBFE1F00B65E21 /* Reachability.m */; };
		88E91C401AB1667C00606084 /* SceneKit.framework in Frameworks */ = {isa = PBXBuildFile; fileRef = 88E91C3F1AB1667C00606084 /* SceneKit.framework */; };
		88EB1BE91AF3428F00E57BC0 /* lf.jpg in Resources */ = {isa = PBXBuildFile; fileRef = 88EB1BE81AF3428F00E57BC0 /* lf.jpg */; };
		88EB1BF21AF346B700E57BC0 /* close.png in Resources */ = {isa = PBXBuildFile; fileRef = 88EB1BEB1AF346B700E57BC0 /* close.png */; };
		88EB1BF31AF346B700E57BC0 /* more.png in Resources */ = {isa = PBXBuildFile; fileRef = 88EB1BEC1AF346B700E57BC0 /* more.png */; };
		88EB1BF41AF346B700E57BC0 /* return.png in Resources */ = {isa = PBXBuildFile; fileRef = 88EB1BED1AF346B700E57BC0 /* return.png */; };
		88EB1BF71AF346B700E57BC0 /* switch.png in Resources */ = {isa = PBXBuildFile; fileRef = 88EB1BF01AF346B700E57BC0 /* switch.png */; };
		88EB1BFA1AF349F700E57BC0 /* snap.png in Resources */ = {isa = PBXBuildFile; fileRef = 88EB1BF91AF349F700E57BC0 /* snap.png */; };
		88EB1BFC1AF3506F00E57BC0 /* info.png in Resources */ = {isa = PBXBuildFile; fileRef = 88EB1BFB1AF3506F00E57BC0 /* info.png */; };
		88EB1BFE1AF35C7B00E57BC0 /* smile.png in Resources */ = {isa = PBXBuildFile; fileRef = 88EB1BFD1AF35C7B00E57BC0 /* smile.png */; };
		88EB1C001AF35FA400E57BC0 /* voice.png in Resources */ = {isa = PBXBuildFile; fileRef = 88EB1BFF1AF35FA400E57BC0 /* voice.png */; };
		88EC5A7E1B0360BD00BC7ADD /* Baymax2.scnassets in Resources */ = {isa = PBXBuildFile; fileRef = 88EC5A761B0360BD00BC7ADD /* Baymax2.scnassets */; };
		88EC5A7F1B0360BD00BC7ADD /* Lnuyasha.scnassets in Resources */ = {isa = PBXBuildFile; fileRef = 88EC5A771B0360BD00BC7ADD /* Lnuyasha.scnassets */; };
		88EC5A801B0360BD00BC7ADD /* Mario.scnassets in Resources */ = {isa = PBXBuildFile; fileRef = 88EC5A781B0360BD00BC7ADD /* Mario.scnassets */; };
		88EC5A811B0360BD00BC7ADD /* SpongeBob.scnassets in Resources */ = {isa = PBXBuildFile; fileRef = 88EC5A791B0360BD00BC7ADD /* SpongeBob.scnassets */; };
		88EC5A841B0360BD00BC7ADD /* Serena.scnassets in Resources */ = {isa = PBXBuildFile; fileRef = 88EC5A7C1B0360BD00BC7ADD /* Serena.scnassets */; };
		88EC5A851B0360BD00BC7ADD /* Wally.scnassets in Resources */ = {isa = PBXBuildFile; fileRef = 88EC5A7D1B0360BD00BC7ADD /* Wally.scnassets */; };
		88ECCDFD1AA9DA28007AF804 /* libVuforia.a in Frameworks */ = {isa = PBXBuildFile; fileRef = 88ECCDFC1AA9DA28007AF804 /* libVuforia.a */; settings = {ATTRIBUTES = (Required, ); }; };
		88F6F8CA1B03409E000A3778 /* Baymax.scnassets in Resources */ = {isa = PBXBuildFile; fileRef = 88F6F8C91B03409E000A3778 /* Baymax.scnassets */; };
/* End PBXBuildFile section */

/* Begin PBXContainerItemProxy section */
		3049ABA31AA84AF0006DB915 /* PBXContainerItemProxy */ = {
			isa = PBXContainerItemProxy;
			containerPortal = 3049AB811AA84AF0006DB915 /* Project object */;
			proxyType = 1;
			remoteGlobalIDString = 3049AB881AA84AF0006DB915;
			remoteInfo = ComicVuforia;
		};
/* End PBXContainerItemProxy section */

/* Begin PBXFileReference section */
		3049AB891AA84AF0006DB915 /* ComicVuforia.app */ = {isa = PBXFileReference; explicitFileType = wrapper.application; includeInIndex = 0; path = ComicVuforia.app; sourceTree = BUILT_PRODUCTS_DIR; };
		3049AB8D1AA84AF0006DB915 /* Info.plist */ = {isa = PBXFileReference; lastKnownFileType = text.plist.xml; path = Info.plist; sourceTree = "<group>"; };
		3049AB8E1AA84AF0006DB915 /* main.m */ = {isa = PBXFileReference; lastKnownFileType = sourcecode.c.objc; path = main.m; sourceTree = "<group>"; };
		3049AB901AA84AF0006DB915 /* AppDelegate.h */ = {isa = PBXFileReference; lastKnownFileType = sourcecode.c.h; path = AppDelegate.h; sourceTree = "<group>"; };
		3049AB911AA84AF0006DB915 /* AppDelegate.m */ = {isa = PBXFileReference; lastKnownFileType = sourcecode.c.objc; path = AppDelegate.m; sourceTree = "<group>"; };
		3049AB931AA84AF0006DB915 /* ViewController.h */ = {isa = PBXFileReference; lastKnownFileType = sourcecode.c.h; path = ViewController.h; sourceTree = "<group>"; };
		3049AB941AA84AF0006DB915 /* ViewController.m */ = {isa = PBXFileReference; lastKnownFileType = sourcecode.c.objc; path = ViewController.m; sourceTree = "<group>"; };
		3049AB971AA84AF0006DB915 /* Base */ = {isa = PBXFileReference; lastKnownFileType = file.storyboard; name = Base; path = Base.lproj/Main.storyboard; sourceTree = "<group>"; };
		3049AB991AA84AF0006DB915 /* Images.xcassets */ = {isa = PBXFileReference; lastKnownFileType = folder.assetcatalog; path = Images.xcassets; sourceTree = "<group>"; };
		3049ABA21AA84AF0006DB915 /* ComicVuforiaTests.xctest */ = {isa = PBXFileReference; explicitFileType = wrapper.cfbundle; includeInIndex = 0; path = ComicVuforiaTests.xctest; sourceTree = BUILT_PRODUCTS_DIR; };
		3049ABA71AA84AF0006DB915 /* Info.plist */ = {isa = PBXFileReference; lastKnownFileType = text.plist.xml; path = Info.plist; sourceTree = "<group>"; };
		3049ABA81AA84AF0006DB915 /* ComicVuforiaTests.m */ = {isa = PBXFileReference; lastKnownFileType = sourcecode.c.objc; path = ComicVuforiaTests.m; sourceTree = "<group>"; };
		306619401AA934F900F4D8C9 /* QCARSession.h */ = {isa = PBXFileReference; lastKnownFileType = sourcecode.c.h; path = QCARSession.h; sourceTree = "<group>"; };
		306619411AA9357C00F4D8C9 /* QCARSession.mm */ = {isa = PBXFileReference; fileEncoding = 4; lastKnownFileType = sourcecode.cpp.objcpp; path = QCARSession.mm; sourceTree = "<group>"; };
		306619441AA937BE00F4D8C9 /* ImageTargetsEAGLView.h */ = {isa = PBXFileReference; fileEncoding = 4; lastKnownFileType = sourcecode.c.h; path = ImageTargetsEAGLView.h; sourceTree = "<group>"; };
		306619451AA937BE00F4D8C9 /* ImageTargetsEAGLView.mm */ = {isa = PBXFileReference; fileEncoding = 4; lastKnownFileType = sourcecode.cpp.objcpp; path = ImageTargetsEAGLView.mm; sourceTree = "<group>"; };
		306619461AA937BE00F4D8C9 /* ImageTargetsViewController.h */ = {isa = PBXFileReference; fileEncoding = 4; lastKnownFileType = sourcecode.c.h; path = ImageTargetsViewController.h; sourceTree = "<group>"; };
		306619471AA937BE00F4D8C9 /* ImageTargetsViewController.mm */ = {isa = PBXFileReference; fileEncoding = 4; lastKnownFileType = sourcecode.cpp.objcpp; path = ImageTargetsViewController.mm; sourceTree = "<group>"; };
		306619501AA9384F00F4D8C9 /* SampleApplicationUtils.cpp */ = {isa = PBXFileReference; fileEncoding = 4; lastKnownFileType = sourcecode.cpp.cpp; path = SampleApplicationUtils.cpp; sourceTree = "<group>"; };
		306619511AA9384F00F4D8C9 /* SampleApplicationUtils.h */ = {isa = PBXFileReference; fileEncoding = 4; lastKnownFileType = sourcecode.c.h; path = SampleApplicationUtils.h; sourceTree = "<group>"; };
		306619521AA9384F00F4D8C9 /* SampleGLResourceHandler.h */ = {isa = PBXFileReference; fileEncoding = 4; lastKnownFileType = sourcecode.c.h; path = SampleGLResourceHandler.h; sourceTree = "<group>"; };
		306619771AA93C8A00F4D8C9 /* StonesAndChips.dat */ = {isa = PBXFileReference; lastKnownFileType = file; path = StonesAndChips.dat; sourceTree = "<group>"; };
		306619781AA93C8A00F4D8C9 /* StonesAndChips.xml */ = {isa = PBXFileReference; fileEncoding = 4; lastKnownFileType = text.xml; path = StonesAndChips.xml; sourceTree = "<group>"; };
		306619791AA93C8A00F4D8C9 /* Tarmac.dat */ = {isa = PBXFileReference; lastKnownFileType = file; path = Tarmac.dat; sourceTree = "<group>"; };
		3066197A1AA93C8A00F4D8C9 /* Tarmac.xml */ = {isa = PBXFileReference; fileEncoding = 4; lastKnownFileType = text.xml; path = Tarmac.xml; sourceTree = "<group>"; };
		30ABDD4B1AA8677A0062A8AB /* CoreVideo.framework */ = {isa = PBXFileReference; lastKnownFileType = wrapper.framework; name = CoreVideo.framework; path = System/Library/Frameworks/CoreVideo.framework; sourceTree = SDKROOT; };
		30ABDD4D1AA8678D0062A8AB /* CoreMedia.framework */ = {isa = PBXFileReference; lastKnownFileType = wrapper.framework; name = CoreMedia.framework; path = System/Library/Frameworks/CoreMedia.framework; sourceTree = SDKROOT; };
		30ABDD4F1AA867960062A8AB /* AVFoundation.framework */ = {isa = PBXFileReference; lastKnownFileType = wrapper.framework; name = AVFoundation.framework; path = System/Library/Frameworks/AVFoundation.framework; sourceTree = SDKROOT; };
		30ABDD511AA8679F0062A8AB /* UIKit.framework */ = {isa = PBXFileReference; lastKnownFileType = wrapper.framework; name = UIKit.framework; path = System/Library/Frameworks/UIKit.framework; sourceTree = SDKROOT; };
		30ABDD531AA867A90062A8AB /* Foundation.framework */ = {isa = PBXFileReference; lastKnownFileType = wrapper.framework; name = Foundation.framework; path = System/Library/Frameworks/Foundation.framework; sourceTree = SDKROOT; };
		30ABDD551AA867B30062A8AB /* CoreFoundation.framework */ = {isa = PBXFileReference; lastKnownFileType = wrapper.framework; name = CoreFoundation.framework; path = System/Library/Frameworks/CoreFoundation.framework; sourceTree = SDKROOT; };
		30ABDD571AA867BE0062A8AB /* QuartzCore.framework */ = {isa = PBXFileReference; lastKnownFileType = wrapper.framework; name = QuartzCore.framework; path = System/Library/Frameworks/QuartzCore.framework; sourceTree = SDKROOT; };
		30ABDD591AA867CA0062A8AB /* SystemConfiguration.framework */ = {isa = PBXFileReference; lastKnownFileType = wrapper.framework; name = SystemConfiguration.framework; path = System/Library/Frameworks/SystemConfiguration.framework; sourceTree = SDKROOT; };
		30ABDD5B1AA867D40062A8AB /* OpenGLES.framework */ = {isa = PBXFileReference; lastKnownFileType = wrapper.framework; name = OpenGLES.framework; path = System/Library/Frameworks/OpenGLES.framework; sourceTree = SDKROOT; };
		30ABDD5D1AA867DD0062A8AB /* CoreMotion.framework */ = {isa = PBXFileReference; lastKnownFileType = wrapper.framework; name = CoreMotion.framework; path = System/Library/Frameworks/CoreMotion.framework; sourceTree = SDKROOT; };
		30ABDD5F1AA867E40062A8AB /* Security.framework */ = {isa = PBXFileReference; lastKnownFileType = wrapper.framework; name = Security.framework; path = System/Library/Frameworks/Security.framework; sourceTree = SDKROOT; };
		880D65A81AABD16100AEAE61 /* CustomButton.h */ = {isa = PBXFileReference; lastKnownFileType = sourcecode.c.h; path = CustomButton.h; sourceTree = "<group>"; };
		880D65A91AABD17300AEAE61 /* CustomButton.m */ = {isa = PBXFileReference; fileEncoding = 4; lastKnownFileType = sourcecode.c.objc; path = CustomButton.m; sourceTree = "<group>"; };
		88186E7E1AAAEA1F00FD3A53 /* AddressBook.framework */ = {isa = PBXFileReference; lastKnownFileType = wrapper.framework; name = AddressBook.framework; path = System/Library/Frameworks/AddressBook.framework; sourceTree = SDKROOT; };
		88186E801AAAEA3100FD3A53 /* AudioToolbox.framework */ = {isa = PBXFileReference; lastKnownFileType = wrapper.framework; name = AudioToolbox.framework; path = System/Library/Frameworks/AudioToolbox.framework; sourceTree = SDKROOT; };
		88186E841AAAEB3000FD3A53 /* CoreTelephony.framework */ = {isa = PBXFileReference; lastKnownFileType = wrapper.framework; name = CoreTelephony.framework; path = System/Library/Frameworks/CoreTelephony.framework; sourceTree = SDKROOT; };
		881B6B011AB949810057A746 /* Histoire.dae */ = {isa = PBXFileReference; fileEncoding = 4; lastKnownFileType = text.xml.dae; path = Histoire.dae; sourceTree = "<group>"; };
		881B6B021AB949810057A746 /* Histoire.png */ = {isa = PBXFileReference; lastKnownFileType = image.png; path = Histoire.png; sourceTree = "<group>"; };
		881B6B061AB949810057A746 /* acce.png */ = {isa = PBXFileReference; lastKnownFileType = image.png; path = acce.png; sourceTree = "<group>"; };
		881B6B071AB949810057A746 /* base_00.png */ = {isa = PBXFileReference; lastKnownFileType = image.png; path = base_00.png; sourceTree = "<group>"; };
		881B6B081AB949810057A746 /* body_c.png */ = {isa = PBXFileReference; lastKnownFileType = image.png; path = body_c.png; sourceTree = "<group>"; };
		881B6B091AB949810057A746 /* brow_00.png */ = {isa = PBXFileReference; lastKnownFileType = image.png; path = brow_00.png; sourceTree = "<group>"; };
		881B6B0A1AB949810057A746 /* eyelid_00.png */ = {isa = PBXFileReference; lastKnownFileType = image.png; path = eyelid_00.png; sourceTree = "<group>"; };
		881B6B0B1AB949810057A746 /* face_c.png */ = {isa = PBXFileReference; lastKnownFileType = image.png; path = face_c.png; sourceTree = "<group>"; };
		881B6B0C1AB949810057A746 /* hair_c.png */ = {isa = PBXFileReference; lastKnownFileType = image.png; path = hair_c.png; sourceTree = "<group>"; };
		881B6B0D1AB949810057A746 /* mouth_00.png */ = {isa = PBXFileReference; lastKnownFileType = image.png; path = mouth_00.png; sourceTree = "<group>"; };
		881B6B0E1AB949810057A746 /* pupil_00.png */ = {isa = PBXFileReference; lastKnownFileType = image.png; path = pupil_00.png; sourceTree = "<group>"; };
		884106951B01CEC900E71C1B /* ComicVuforia.dat */ = {isa = PBXFileReference; lastKnownFileType = file; path = ComicVuforia.dat; sourceTree = "<group>"; };
		884106961B01CEC900E71C1B /* ComicVuforia.xml */ = {isa = PBXFileReference; fileEncoding = 4; lastKnownFileType = text.xml; path = ComicVuforia.xml; sourceTree = "<group>"; };
		886BE82F1AABEAFA0049F68B /* MBProgressHUD.h */ = {isa = PBXFileReference; fileEncoding = 4; lastKnownFileType = sourcecode.c.h; path = MBProgressHUD.h; sourceTree = "<group>"; };
		886BE8301AABEAFA0049F68B /* MBProgressHUD.m */ = {isa = PBXFileReference; fileEncoding = 4; lastKnownFileType = sourcecode.c.objc; path = MBProgressHUD.m; sourceTree = "<group>"; };
		886EF7BC1AB921A500785CF1 /* AboutViewController.h */ = {isa = PBXFileReference; fileEncoding = 4; lastKnownFileType = sourcecode.c.h; path = AboutViewController.h; sourceTree = "<group>"; };
		886EF7BD1AB921A500785CF1 /* AboutViewController.m */ = {isa = PBXFileReference; fileEncoding = 4; lastKnownFileType = sourcecode.c.objc; path = AboutViewController.m; sourceTree = "<group>"; };
		886EF7BE1AB921A500785CF1 /* BriefViewController.h */ = {isa = PBXFileReference; fileEncoding = 4; lastKnownFileType = sourcecode.c.h; path = BriefViewController.h; sourceTree = "<group>"; };
		886EF7BF1AB921A500785CF1 /* BriefViewController.m */ = {isa = PBXFileReference; fileEncoding = 4; lastKnownFileType = sourcecode.c.objc; path = BriefViewController.m; sourceTree = "<group>"; };
		886EF7C01AB921A500785CF1 /* gtk_cancel.png */ = {isa = PBXFileReference; lastKnownFileType = image.png; path = gtk_cancel.png; sourceTree = "<group>"; };
		886EF7C41AB9252400785CF1 /* SettingViewController.h */ = {isa = PBXFileReference; lastKnownFileType = sourcecode.c.h; path = SettingViewController.h; sourceTree = "<group>"; };
		886EF7C51AB9253500785CF1 /* SettingViewController.m */ = {isa = PBXFileReference; fileEncoding = 4; lastKnownFileType = sourcecode.c.objc; path = SettingViewController.m; sourceTree = "<group>"; };
		888C48D91AAD681B007CA1CC /* lf.xml */ = {isa = PBXFileReference; fileEncoding = 4; lastKnownFileType = text.xml; path = lf.xml; sourceTree = "<group>"; };
		888C48DA1AAD681B007CA1CC /* lf.dat */ = {isa = PBXFileReference; lastKnownFileType = file; path = lf.dat; sourceTree = "<group>"; };
		889A91E01ABDA3BE000D8783 /* CoreGraphics.framework */ = {isa = PBXFileReference; lastKnownFileType = wrapper.framework; name = CoreGraphics.framework; path = System/Library/Frameworks/CoreGraphics.framework; sourceTree = SDKROOT; };
		889A91E21ABDA436000D8783 /* CoreLocation.framework */ = {isa = PBXFileReference; lastKnownFileType = wrapper.framework; name = CoreLocation.framework; path = System/Library/Frameworks/CoreLocation.framework; sourceTree = SDKROOT; };
		889A91E41ABDA489000D8783 /* libz.dylib */ = {isa = PBXFileReference; lastKnownFileType = "compiled.mach-o.dylib"; name = libz.dylib; path = usr/lib/libz.dylib; sourceTree = SDKROOT; };
		88B4A5261AB708FD00DD1756 /* GLKit.framework */ = {isa = PBXFileReference; lastKnownFileType = wrapper.framework; name = GLKit.framework; path = System/Library/Frameworks/GLKit.framework; sourceTree = SDKROOT; };
		88BD1F371AF0BA8C0066CA4F /* crypt.h */ = {isa = PBXFileReference; fileEncoding = 4; lastKnownFileType = sourcecode.c.h; path = crypt.h; sourceTree = "<group>"; };
		88BD1F381AF0BA8C0066CA4F /* ioapi.c */ = {isa = PBXFileReference; fileEncoding = 4; lastKnownFileType = sourcecode.c.c; path = ioapi.c; sourceTree = "<group>"; };
		88BD1F391AF0BA8C0066CA4F /* ioapi.h */ = {isa = PBXFileReference; fileEncoding = 4; lastKnownFileType = sourcecode.c.h; path = ioapi.h; sourceTree = "<group>"; };
		88BD1F3A1AF0BA8C0066CA4F /* mztools.c */ = {isa = PBXFileReference; fileEncoding = 4; lastKnownFileType = sourcecode.c.c; path = mztools.c; sourceTree = "<group>"; };
		88BD1F3B1AF0BA8C0066CA4F /* mztools.h */ = {isa = PBXFileReference; fileEncoding = 4; lastKnownFileType = sourcecode.c.h; path = mztools.h; sourceTree = "<group>"; };
		88BD1F3C1AF0BA8C0066CA4F /* unzip.c */ = {isa = PBXFileReference; fileEncoding = 4; lastKnownFileType = sourcecode.c.c; path = unzip.c; sourceTree = "<group>"; };
		88BD1F3D1AF0BA8C0066CA4F /* unzip.h */ = {isa = PBXFileReference; fileEncoding = 4; lastKnownFileType = sourcecode.c.h; path = unzip.h; sourceTree = "<group>"; };
		88BD1F3E1AF0BA8C0066CA4F /* zip.c */ = {isa = PBXFileReference; fileEncoding = 4; lastKnownFileType = sourcecode.c.c; path = zip.c; sourceTree = "<group>"; };
		88BD1F3F1AF0BA8C0066CA4F /* zip.h */ = {isa = PBXFileReference; fileEncoding = 4; lastKnownFileType = sourcecode.c.h; path = zip.h; sourceTree = "<group>"; };
		88BD1F401AF0BA8C0066CA4F /* SSZipArchive.h */ = {isa = PBXFileReference; fileEncoding = 4; lastKnownFileType = sourcecode.c.h; path = SSZipArchive.h; sourceTree = "<group>"; };
		88BD1F411AF0BA8C0066CA4F /* SSZipArchive.m */ = {isa = PBXFileReference; fileEncoding = 4; lastKnownFileType = sourcecode.c.objc; path = SSZipArchive.m; sourceTree = "<group>"; };
		88BD1F481AF0BAE40066CA4F /* AFHTTPRequestOperation.h */ = {isa = PBXFileReference; fileEncoding = 4; lastKnownFileType = sourcecode.c.h; path = AFHTTPRequestOperation.h; sourceTree = "<group>"; };
		88BD1F491AF0BAE40066CA4F /* AFHTTPRequestOperation.m */ = {isa = PBXFileReference; fileEncoding = 4; lastKnownFileType = sourcecode.c.objc; path = AFHTTPRequestOperation.m; sourceTree = "<group>"; };
		88BD1F4A1AF0BAE40066CA4F /* AFHTTPRequestOperationManager.h */ = {isa = PBXFileReference; fileEncoding = 4; lastKnownFileType = sourcecode.c.h; path = AFHTTPRequestOperationManager.h; sourceTree = "<group>"; };
		88BD1F4B1AF0BAE40066CA4F /* AFHTTPRequestOperationManager.m */ = {isa = PBXFileReference; fileEncoding = 4; lastKnownFileType = sourcecode.c.objc; path = AFHTTPRequestOperationManager.m; sourceTree = "<group>"; };
		88BD1F4C1AF0BAE40066CA4F /* AFHTTPSessionManager.h */ = {isa = PBXFileReference; fileEncoding = 4; lastKnownFileType = sourcecode.c.h; path = AFHTTPSessionManager.h; sourceTree = "<group>"; };
		88BD1F4D1AF0BAE40066CA4F /* AFHTTPSessionManager.m */ = {isa = PBXFileReference; fileEncoding = 4; lastKnownFileType = sourcecode.c.objc; path = AFHTTPSessionManager.m; sourceTree = "<group>"; };
		88BD1F4E1AF0BAE40066CA4F /* AFNetworking.h */ = {isa = PBXFileReference; fileEncoding = 4; lastKnownFileType = sourcecode.c.h; path = AFNetworking.h; sourceTree = "<group>"; };
		88BD1F4F1AF0BAE40066CA4F /* AFNetworkReachabilityManager.h */ = {isa = PBXFileReference; fileEncoding = 4; lastKnownFileType = sourcecode.c.h; path = AFNetworkReachabilityManager.h; sourceTree = "<group>"; };
		88BD1F501AF0BAE40066CA4F /* AFNetworkReachabilityManager.m */ = {isa = PBXFileReference; fileEncoding = 4; lastKnownFileType = sourcecode.c.objc; path = AFNetworkReachabilityManager.m; sourceTree = "<group>"; };
		88BD1F511AF0BAE40066CA4F /* AFSecurityPolicy.h */ = {isa = PBXFileReference; fileEncoding = 4; lastKnownFileType = sourcecode.c.h; path = AFSecurityPolicy.h; sourceTree = "<group>"; };
		88BD1F521AF0BAE40066CA4F /* AFSecurityPolicy.m */ = {isa = PBXFileReference; fileEncoding = 4; lastKnownFileType = sourcecode.c.objc; path = AFSecurityPolicy.m; sourceTree = "<group>"; };
		88BD1F531AF0BAE40066CA4F /* AFURLConnectionOperation.h */ = {isa = PBXFileReference; fileEncoding = 4; lastKnownFileType = sourcecode.c.h; path = AFURLConnectionOperation.h; sourceTree = "<group>"; };
		88BD1F541AF0BAE40066CA4F /* AFURLConnectionOperation.m */ = {isa = PBXFileReference; fileEncoding = 4; lastKnownFileType = sourcecode.c.objc; path = AFURLConnectionOperation.m; sourceTree = "<group>"; };
		88BD1F551AF0BAE40066CA4F /* AFURLRequestSerialization.h */ = {isa = PBXFileReference; fileEncoding = 4; lastKnownFileType = sourcecode.c.h; path = AFURLRequestSerialization.h; sourceTree = "<group>"; };
		88BD1F561AF0BAE40066CA4F /* AFURLRequestSerialization.m */ = {isa = PBXFileReference; fileEncoding = 4; lastKnownFileType = sourcecode.c.objc; path = AFURLRequestSerialization.m; sourceTree = "<group>"; };
		88BD1F571AF0BAE40066CA4F /* AFURLResponseSerialization.h */ = {isa = PBXFileReference; fileEncoding = 4; lastKnownFileType = sourcecode.c.h; path = AFURLResponseSerialization.h; sourceTree = "<group>"; };
		88BD1F581AF0BAE40066CA4F /* AFURLResponseSerialization.m */ = {isa = PBXFileReference; fileEncoding = 4; lastKnownFileType = sourcecode.c.objc; path = AFURLResponseSerialization.m; sourceTree = "<group>"; };
		88BD1F591AF0BAE40066CA4F /* AFURLSessionManager.h */ = {isa = PBXFileReference; fileEncoding = 4; lastKnownFileType = sourcecode.c.h; path = AFURLSessionManager.h; sourceTree = "<group>"; };
		88BD1F5A1AF0BAE40066CA4F /* AFURLSessionManager.m */ = {isa = PBXFileReference; fileEncoding = 4; lastKnownFileType = sourcecode.c.objc; path = AFURLSessionManager.m; sourceTree = "<group>"; };
		88BD1F641AF0BBC20066CA4F /* model.plist */ = {isa = PBXFileReference; fileEncoding = 4; lastKnownFileType = text.plist.xml; name = model.plist; path = ../model.plist; sourceTree = "<group>"; };
		88C347221B02DDD500A5D8C9 /* SampleMath.cpp */ = {isa = PBXFileReference; fileEncoding = 4; lastKnownFileType = sourcecode.cpp.cpp; path = SampleMath.cpp; sourceTree = "<group>"; };
		88C347231B02DDD500A5D8C9 /* SampleMath.h */ = {isa = PBXFileReference; fileEncoding = 4; lastKnownFileType = sourcecode.c.h; path = SampleMath.h; sourceTree = "<group>"; };
		88C925B41B038DAA002E9F24 /* AppleWatch.scnassets */ = {isa = PBXFileReference; lastKnownFileType = wrapper.scnassets; path = AppleWatch.scnassets; sourceTree = "<group>"; };
		88D256B51AAAE343001261F8 /* iflyMSC.framework */ = {isa = PBXFileReference; lastKnownFileType = wrapper.framework; name = iflyMSC.framework; path = ComicVuforia/iflyMSC.framework; sourceTree = "<group>"; };
		88D4C6B81ABFEFEC002B782E /* UIImage+fixOrientation.h */ = {isa = PBXFileReference; fileEncoding = 4; lastKnownFileType = sourcecode.c.h; path = "UIImage+fixOrientation.h"; sourceTree = "<group>"; };
		88D4C6B91ABFF006002B782E /* UIImage+fixOrientation.m */ = {isa = PBXFileReference; fileEncoding = 4; lastKnownFileType = sourcecode.c.objc; path = "UIImage+fixOrientation.m"; sourceTree = "<group>"; };
		88DF21F51ABBFE1F00B65E21 /* Reachability.h */ = {isa = PBXFileReference; fileEncoding = 4; lastKnownFileType = sourcecode.c.h; path = Reachability.h; sourceTree = "<group>"; };
		88DF21F61ABBFE1F00B65E21 /* Reachability.m */ = {isa = PBXFileReference; fileEncoding = 4; lastKnownFileType = sourcecode.c.objc; path = Reachability.m; sourceTree = "<group>"; };
		88E91C3F1AB1667C00606084 /* SceneKit.framework */ = {isa = PBXFileReference; lastKnownFileType = wrapper.framework; name = SceneKit.framework; path = System/Library/Frameworks/SceneKit.framework; sourceTree = SDKROOT; };
		88EB1BE81AF3428F00E57BC0 /* lf.jpg */ = {isa = PBXFileReference; lastKnownFileType = image.jpeg; path = lf.jpg; sourceTree = "<group>"; };
		88EB1BEB1AF346B700E57BC0 /* close.png */ = {isa = PBXFileReference; lastKnownFileType = image.png; path = close.png; sourceTree = "<group>"; };
		88EB1BEC1AF346B700E57BC0 /* more.png */ = {isa = PBXFileReference; lastKnownFileType = image.png; path = more.png; sourceTree = "<group>"; };
		88EB1BED1AF346B700E57BC0 /* return.png */ = {isa = PBXFileReference; lastKnownFileType = image.png; path = return.png; sourceTree = "<group>"; };
		88EB1BF01AF346B700E57BC0 /* switch.png */ = {isa = PBXFileReference; lastKnownFileType = image.png; path = switch.png; sourceTree = "<group>"; };
		88EB1BF91AF349F700E57BC0 /* snap.png */ = {isa = PBXFileReference; lastKnownFileType = image.png; path = snap.png; sourceTree = "<group>"; };
		88EB1BFB1AF3506F00E57BC0 /* info.png */ = {isa = PBXFileReference; lastKnownFileType = image.png; path = info.png; sourceTree = "<group>"; };
		88EB1BFD1AF35C7B00E57BC0 /* smile.png */ = {isa = PBXFileReference; lastKnownFileType = image.png; path = smile.png; sourceTree = "<group>"; };
		88EB1BFF1AF35FA400E57BC0 /* voice.png */ = {isa = PBXFileReference; lastKnownFileType = image.png; path = voice.png; sourceTree = "<group>"; };
		88EC5A761B0360BD00BC7ADD /* Baymax2.scnassets */ = {isa = PBXFileReference; lastKnownFileType = wrapper.scnassets; path = Baymax2.scnassets; sourceTree = "<group>"; };
		88EC5A771B0360BD00BC7ADD /* Lnuyasha.scnassets */ = {isa = PBXFileReference; lastKnownFileType = wrapper.scnassets; path = Lnuyasha.scnassets; sourceTree = "<group>"; };
		88EC5A781B0360BD00BC7ADD /* Mario.scnassets */ = {isa = PBXFileReference; lastKnownFileType = wrapper.scnassets; path = Mario.scnassets; sourceTree = "<group>"; };
		88EC5A791B0360BD00BC7ADD /* SpongeBob.scnassets */ = {isa = PBXFileReference; lastKnownFileType = wrapper.scnassets; path = SpongeBob.scnassets; sourceTree = "<group>"; };
		88EC5A7C1B0360BD00BC7ADD /* Serena.scnassets */ = {isa = PBXFileReference; lastKnownFileType = wrapper.scnassets; path = Serena.scnassets; sourceTree = "<group>"; };
		88EC5A7D1B0360BD00BC7ADD /* Wally.scnassets */ = {isa = PBXFileReference; lastKnownFileType = wrapper.scnassets; path = Wally.scnassets; sourceTree = "<group>"; };
		88ECCDFC1AA9DA28007AF804 /* libVuforia.a */ = {isa = PBXFileReference; lastKnownFileType = archive.ar; name = libVuforia.a; path = ../../Downloads/vuforia_sdk/build/lib/arm/libVuforia.a; sourceTree = "<group>"; };
		88F6F8C91B03409E000A3778 /* Baymax.scnassets */ = {isa = PBXFileReference; lastKnownFileType = wrapper.scnassets; path = Baymax.scnassets; sourceTree = "<group>"; };
/* End PBXFileReference section */

/* Begin PBXFrameworksBuildPhase section */
		3049AB861AA84AF0006DB915 /* Frameworks */ = {
			isa = PBXFrameworksBuildPhase;
			buildActionMask = 2147483647;
			files = (
				889A91E51ABDA489000D8783 /* libz.dylib in Frameworks */,
				88186E851AAAEB3000FD3A53 /* CoreTelephony.framework in Frameworks */,
				889A91E31ABDA436000D8783 /* CoreLocation.framework in Frameworks */,
				889A91E11ABDA3BE000D8783 /* CoreGraphics.framework in Frameworks */,
				88B4A5271AB708FD00DD1756 /* GLKit.framework in Frameworks */,
				88E91C401AB1667C00606084 /* SceneKit.framework in Frameworks */,
				30ABDD5A1AA867CA0062A8AB /* SystemConfiguration.framework in Frameworks */,
				88186E811AAAEA3100FD3A53 /* AudioToolbox.framework in Frameworks */,
				88186E7F1AAAEA1F00FD3A53 /* AddressBook.framework in Frameworks */,
				88D256B61AAAE343001261F8 /* iflyMSC.framework in Frameworks */,
				88ECCDFD1AA9DA28007AF804 /* libVuforia.a in Frameworks */,
				30ABDD601AA867E40062A8AB /* Security.framework in Frameworks */,
				30ABDD5E1AA867DD0062A8AB /* CoreMotion.framework in Frameworks */,
				30ABDD5C1AA867D40062A8AB /* OpenGLES.framework in Frameworks */,
				30ABDD581AA867BE0062A8AB /* QuartzCore.framework in Frameworks */,
				30ABDD561AA867B30062A8AB /* CoreFoundation.framework in Frameworks */,
				30ABDD541AA867A90062A8AB /* Foundation.framework in Frameworks */,
				30ABDD521AA8679F0062A8AB /* UIKit.framework in Frameworks */,
				30ABDD501AA867960062A8AB /* AVFoundation.framework in Frameworks */,
				30ABDD4E1AA8678D0062A8AB /* CoreMedia.framework in Frameworks */,
				30ABDD4C1AA8677A0062A8AB /* CoreVideo.framework in Frameworks */,
			);
			runOnlyForDeploymentPostprocessing = 0;
		};
		3049AB9F1AA84AF0006DB915 /* Frameworks */ = {
			isa = PBXFrameworksBuildPhase;
			buildActionMask = 2147483647;
			files = (
			);
			runOnlyForDeploymentPostprocessing = 0;
		};
/* End PBXFrameworksBuildPhase section */

/* Begin PBXGroup section */
		3049AB801AA84AF0006DB915 = {
			isa = PBXGroup;
			children = (
				30ABDD4A1AA867430062A8AB /* Framwork */,
				3049AB8B1AA84AF0006DB915 /* ComicVuforia */,
				3049ABA51AA84AF0006DB915 /* ComicVuforiaTests */,
				3049AB8A1AA84AF0006DB915 /* Products */,
			);
			sourceTree = "<group>";
		};
		3049AB8A1AA84AF0006DB915 /* Products */ = {
			isa = PBXGroup;
			children = (
				3049AB891AA84AF0006DB915 /* ComicVuforia.app */,
				3049ABA21AA84AF0006DB915 /* ComicVuforiaTests.xctest */,
			);
			name = Products;
			sourceTree = "<group>";
		};
		3049AB8B1AA84AF0006DB915 /* ComicVuforia */ = {
			isa = PBXGroup;
			children = (
				88C925B41B038DAA002E9F24 /* AppleWatch.scnassets */,
				88EC5A761B0360BD00BC7ADD /* Baymax2.scnassets */,
				88EC5A771B0360BD00BC7ADD /* Lnuyasha.scnassets */,
				88EC5A781B0360BD00BC7ADD /* Mario.scnassets */,
				88EC5A791B0360BD00BC7ADD /* SpongeBob.scnassets */,
				88EC5A7C1B0360BD00BC7ADD /* Serena.scnassets */,
				88EC5A7D1B0360BD00BC7ADD /* Wally.scnassets */,
				88F6F8C91B03409E000A3778 /* Baymax.scnassets */,
				881B6B001AB949810057A746 /* Histoire */,
				88EB1BEA1AF3467700E57BC0 /* Pictures */,
				88BD1F641AF0BBC20066CA4F /* model.plist */,
				88BD1F471AF0BAE40066CA4F /* AFNetworking */,
				88BD1F351AF0BA8C0066CA4F /* SSZipArchive */,
				3049AB901AA84AF0006DB915 /* AppDelegate.h */,
				3049AB911AA84AF0006DB915 /* AppDelegate.m */,
				3049AB931AA84AF0006DB915 /* ViewController.h */,
				3049AB941AA84AF0006DB915 /* ViewController.m */,
				3049AB961AA84AF0006DB915 /* Main.storyboard */,
				886EF7C41AB9252400785CF1 /* SettingViewController.h */,
				886EF7C51AB9253500785CF1 /* SettingViewController.m */,
				886EF7BC1AB921A500785CF1 /* AboutViewController.h */,
				886EF7BD1AB921A500785CF1 /* AboutViewController.m */,
				886EF7BE1AB921A500785CF1 /* BriefViewController.h */,
				886EF7BF1AB921A500785CF1 /* BriefViewController.m */,
				886EF7C01AB921A500785CF1 /* gtk_cancel.png */,
				88DF21E41ABBFC8400B65E21 /* InSightFile */,
				3066194A1AA937CE00F4D8C9 /* Application */,
				306619431AA9371900F4D8C9 /* QCARApplication */,
				3049AB991AA84AF0006DB915 /* Images.xcassets */,
				88EB1BE81AF3428F00E57BC0 /* lf.jpg */,
				3049AB8C1AA84AF0006DB915 /* Supporting Files */,
			);
			path = ComicVuforia;
			sourceTree = "<group>";
		};
		3049AB8C1AA84AF0006DB915 /* Supporting Files */ = {
			isa = PBXGroup;
			children = (
				3049AB8D1AA84AF0006DB915 /* Info.plist */,
				3049AB8E1AA84AF0006DB915 /* main.m */,
			);
			name = "Supporting Files";
			sourceTree = "<group>";
		};
		3049ABA51AA84AF0006DB915 /* ComicVuforiaTests */ = {
			isa = PBXGroup;
			children = (
				3049ABA81AA84AF0006DB915 /* ComicVuforiaTests.m */,
				3049ABA61AA84AF0006DB915 /* Supporting Files */,
			);
			path = ComicVuforiaTests;
			sourceTree = "<group>";
		};
		3049ABA61AA84AF0006DB915 /* Supporting Files */ = {
			isa = PBXGroup;
			children = (
				3049ABA71AA84AF0006DB915 /* Info.plist */,
			);
			name = "Supporting Files";
			sourceTree = "<group>";
		};
		306619431AA9371900F4D8C9 /* QCARApplication */ = {
			isa = PBXGroup;
			children = (
				306619401AA934F900F4D8C9 /* QCARSession.h */,
				306619411AA9357C00F4D8C9 /* QCARSession.mm */,
			);
			name = QCARApplication;
			sourceTree = "<group>";
		};
		3066194A1AA937CE00F4D8C9 /* Application */ = {
			isa = PBXGroup;
			children = (
				88C347221B02DDD500A5D8C9 /* SampleMath.cpp */,
				88C347231B02DDD500A5D8C9 /* SampleMath.h */,
				306619501AA9384F00F4D8C9 /* SampleApplicationUtils.cpp */,
				306619511AA9384F00F4D8C9 /* SampleApplicationUtils.h */,
				306619521AA9384F00F4D8C9 /* SampleGLResourceHandler.h */,
				880D65A81AABD16100AEAE61 /* CustomButton.h */,
				880D65A91AABD17300AEAE61 /* CustomButton.m */,
				306619441AA937BE00F4D8C9 /* ImageTargetsEAGLView.h */,
				306619451AA937BE00F4D8C9 /* ImageTargetsEAGLView.mm */,
				886BE82F1AABEAFA0049F68B /* MBProgressHUD.h */,
				886BE8301AABEAFA0049F68B /* MBProgressHUD.m */,
				306619461AA937BE00F4D8C9 /* ImageTargetsViewController.h */,
				306619471AA937BE00F4D8C9 /* ImageTargetsViewController.mm */,
				88D4C6B81ABFEFEC002B782E /* UIImage+fixOrientation.h */,
				88D4C6B91ABFF006002B782E /* UIImage+fixOrientation.m */,
				306619631AA93C8A00F4D8C9 /* Resources */,
			);
			name = Application;
			sourceTree = "<group>";
		};
		306619631AA93C8A00F4D8C9 /* Resources */ = {
			isa = PBXGroup;
			children = (
				306619641AA93C8A00F4D8C9 /* Assets */,
			);
			path = Resources;
			sourceTree = "<group>";
		};
		306619641AA93C8A00F4D8C9 /* Assets */ = {
			isa = PBXGroup;
			children = (
				306619751AA93C8A00F4D8C9 /* ImageTargets */,
			);
			path = Assets;
			sourceTree = "<group>";
		};
		306619751AA93C8A00F4D8C9 /* ImageTargets */ = {
			isa = PBXGroup;
			children = (
				884106951B01CEC900E71C1B /* ComicVuforia.dat */,
				884106961B01CEC900E71C1B /* ComicVuforia.xml */,
				888C48D91AAD681B007CA1CC /* lf.xml */,
				888C48DA1AAD681B007CA1CC /* lf.dat */,
				306619771AA93C8A00F4D8C9 /* StonesAndChips.dat */,
				306619781AA93C8A00F4D8C9 /* StonesAndChips.xml */,
				306619791AA93C8A00F4D8C9 /* Tarmac.dat */,
				3066197A1AA93C8A00F4D8C9 /* Tarmac.xml */,
			);
			path = ImageTargets;
			sourceTree = "<group>";
		};
		30ABDD4A1AA867430062A8AB /* Framwork */ = {
			isa = PBXGroup;
			children = (
				889A91E41ABDA489000D8783 /* libz.dylib */,
				889A91E21ABDA436000D8783 /* CoreLocation.framework */,
				889A91E01ABDA3BE000D8783 /* CoreGraphics.framework */,
				88B4A5261AB708FD00DD1756 /* GLKit.framework */,
				88186E841AAAEB3000FD3A53 /* CoreTelephony.framework */,
				88E91C3F1AB1667C00606084 /* SceneKit.framework */,
				88186E801AAAEA3100FD3A53 /* AudioToolbox.framework */,
				88186E7E1AAAEA1F00FD3A53 /* AddressBook.framework */,
				88D256B51AAAE343001261F8 /* iflyMSC.framework */,
				88ECCDFC1AA9DA28007AF804 /* libVuforia.a */,
				30ABDD5F1AA867E40062A8AB /* Security.framework */,
				30ABDD5D1AA867DD0062A8AB /* CoreMotion.framework */,
				30ABDD5B1AA867D40062A8AB /* OpenGLES.framework */,
				30ABDD591AA867CA0062A8AB /* SystemConfiguration.framework */,
				30ABDD571AA867BE0062A8AB /* QuartzCore.framework */,
				30ABDD551AA867B30062A8AB /* CoreFoundation.framework */,
				30ABDD531AA867A90062A8AB /* Foundation.framework */,
				30ABDD511AA8679F0062A8AB /* UIKit.framework */,
				30ABDD4F1AA867960062A8AB /* AVFoundation.framework */,
				30ABDD4D1AA8678D0062A8AB /* CoreMedia.framework */,
				30ABDD4B1AA8677A0062A8AB /* CoreVideo.framework */,
			);
			name = Framwork;
			sourceTree = "<group>";
		};
		881B6B001AB949810057A746 /* Histoire */ = {
			isa = PBXGroup;
			children = (
				881B6B011AB949810057A746 /* Histoire.dae */,
				881B6B021AB949810057A746 /* Histoire.png */,
				881B6B051AB949810057A746 /* images */,
			);
			path = Histoire;
			sourceTree = "<group>";
		};
		881B6B051AB949810057A746 /* images */ = {
			isa = PBXGroup;
			children = (
				881B6B061AB949810057A746 /* acce.png */,
				881B6B071AB949810057A746 /* base_00.png */,
				881B6B081AB949810057A746 /* body_c.png */,
				881B6B091AB949810057A746 /* brow_00.png */,
				881B6B0A1AB949810057A746 /* eyelid_00.png */,
				881B6B0B1AB949810057A746 /* face_c.png */,
				881B6B0C1AB949810057A746 /* hair_c.png */,
				881B6B0D1AB949810057A746 /* mouth_00.png */,
				881B6B0E1AB949810057A746 /* pupil_00.png */,
			);
			path = images;
			sourceTree = "<group>";
		};
		88BD1F351AF0BA8C0066CA4F /* SSZipArchive */ = {
			isa = PBXGroup;
			children = (
				88BD1F361AF0BA8C0066CA4F /* minizip */,
				88BD1F401AF0BA8C0066CA4F /* SSZipArchive.h */,
				88BD1F411AF0BA8C0066CA4F /* SSZipArchive.m */,
			);
			path = SSZipArchive;
			sourceTree = "<group>";
		};
		88BD1F361AF0BA8C0066CA4F /* minizip */ = {
			isa = PBXGroup;
			children = (
				88BD1F371AF0BA8C0066CA4F /* crypt.h */,
				88BD1F381AF0BA8C0066CA4F /* ioapi.c */,
				88BD1F391AF0BA8C0066CA4F /* ioapi.h */,
				88BD1F3A1AF0BA8C0066CA4F /* mztools.c */,
				88BD1F3B1AF0BA8C0066CA4F /* mztools.h */,
				88BD1F3C1AF0BA8C0066CA4F /* unzip.c */,
				88BD1F3D1AF0BA8C0066CA4F /* unzip.h */,
				88BD1F3E1AF0BA8C0066CA4F /* zip.c */,
				88BD1F3F1AF0BA8C0066CA4F /* zip.h */,
			);
			path = minizip;
			sourceTree = "<group>";
		};
		88BD1F471AF0BAE40066CA4F /* AFNetworking */ = {
			isa = PBXGroup;
			children = (
				88BD1F481AF0BAE40066CA4F /* AFHTTPRequestOperation.h */,
				88BD1F491AF0BAE40066CA4F /* AFHTTPRequestOperation.m */,
				88BD1F4A1AF0BAE40066CA4F /* AFHTTPRequestOperationManager.h */,
				88BD1F4B1AF0BAE40066CA4F /* AFHTTPRequestOperationManager.m */,
				88BD1F4C1AF0BAE40066CA4F /* AFHTTPSessionManager.h */,
				88BD1F4D1AF0BAE40066CA4F /* AFHTTPSessionManager.m */,
				88BD1F4E1AF0BAE40066CA4F /* AFNetworking.h */,
				88BD1F4F1AF0BAE40066CA4F /* AFNetworkReachabilityManager.h */,
				88BD1F501AF0BAE40066CA4F /* AFNetworkReachabilityManager.m */,
				88BD1F511AF0BAE40066CA4F /* AFSecurityPolicy.h */,
				88BD1F521AF0BAE40066CA4F /* AFSecurityPolicy.m */,
				88BD1F531AF0BAE40066CA4F /* AFURLConnectionOperation.h */,
				88BD1F541AF0BAE40066CA4F /* AFURLConnectionOperation.m */,
				88BD1F551AF0BAE40066CA4F /* AFURLRequestSerialization.h */,
				88BD1F561AF0BAE40066CA4F /* AFURLRequestSerialization.m */,
				88BD1F571AF0BAE40066CA4F /* AFURLResponseSerialization.h */,
				88BD1F581AF0BAE40066CA4F /* AFURLResponseSerialization.m */,
				88BD1F591AF0BAE40066CA4F /* AFURLSessionManager.h */,
				88BD1F5A1AF0BAE40066CA4F /* AFURLSessionManager.m */,
			);
			path = AFNetworking;
			sourceTree = "<group>";
		};
		88DF21E41ABBFC8400B65E21 /* InSightFile */ = {
			isa = PBXGroup;
			children = (
				88DF21F51ABBFE1F00B65E21 /* Reachability.h */,
				88DF21F61ABBFE1F00B65E21 /* Reachability.m */,
			);
			name = InSightFile;
			sourceTree = "<group>";
		};
		88EB1BEA1AF3467700E57BC0 /* Pictures */ = {
			isa = PBXGroup;
			children = (
				88EB1BFF1AF35FA400E57BC0 /* voice.png */,
				88EB1BFD1AF35C7B00E57BC0 /* smile.png */,
				88EB1BFB1AF3506F00E57BC0 /* info.png */,
				88EB1BF91AF349F700E57BC0 /* snap.png */,
				88EB1BEB1AF346B700E57BC0 /* close.png */,
				88EB1BEC1AF346B700E57BC0 /* more.png */,
				88EB1BED1AF346B700E57BC0 /* return.png */,
				88EB1BF01AF346B700E57BC0 /* switch.png */,
			);
			name = Pictures;
			sourceTree = "<group>";
		};
/* End PBXGroup section */

/* Begin PBXNativeTarget section */
		3049AB881AA84AF0006DB915 /* ComicVuforia */ = {
			isa = PBXNativeTarget;
			buildConfigurationList = 3049ABAC1AA84AF0006DB915 /* Build configuration list for PBXNativeTarget "ComicVuforia" */;
			buildPhases = (
				3049AB851AA84AF0006DB915 /* Sources */,
				3049AB861AA84AF0006DB915 /* Frameworks */,
				3049AB871AA84AF0006DB915 /* Resources */,
			);
			buildRules = (
			);
			dependencies = (
			);
			name = ComicVuforia;
			productName = ComicVuforia;
			productReference = 3049AB891AA84AF0006DB915 /* ComicVuforia.app */;
			productType = "com.apple.product-type.application";
		};
		3049ABA11AA84AF0006DB915 /* ComicVuforiaTests */ = {
			isa = PBXNativeTarget;
			buildConfigurationList = 3049ABAF1AA84AF0006DB915 /* Build configuration list for PBXNativeTarget "ComicVuforiaTests" */;
			buildPhases = (
				3049AB9E1AA84AF0006DB915 /* Sources */,
				3049AB9F1AA84AF0006DB915 /* Frameworks */,
				3049ABA01AA84AF0006DB915 /* Resources */,
			);
			buildRules = (
			);
			dependencies = (
				3049ABA41AA84AF0006DB915 /* PBXTargetDependency */,
			);
			name = ComicVuforiaTests;
			productName = ComicVuforiaTests;
			productReference = 3049ABA21AA84AF0006DB915 /* ComicVuforiaTests.xctest */;
			productType = "com.apple.product-type.bundle.unit-test";
		};
/* End PBXNativeTarget section */

/* Begin PBXProject section */
		3049AB811AA84AF0006DB915 /* Project object */ = {
			isa = PBXProject;
			attributes = {
				LastUpgradeCheck = 0610;
				ORGANIZATIONNAME = "靳杰";
				TargetAttributes = {
					3049AB881AA84AF0006DB915 = {
						CreatedOnToolsVersion = 6.1.1;
					};
					3049ABA11AA84AF0006DB915 = {
						CreatedOnToolsVersion = 6.1.1;
						TestTargetID = 3049AB881AA84AF0006DB915;
					};
				};
			};
			buildConfigurationList = 3049AB841AA84AF0006DB915 /* Build configuration list for PBXProject "ComicVuforia" */;
			compatibilityVersion = "Xcode 3.2";
			developmentRegion = English;
			hasScannedForEncodings = 0;
			knownRegions = (
				en,
				Base,
			);
			mainGroup = 3049AB801AA84AF0006DB915;
			productRefGroup = 3049AB8A1AA84AF0006DB915 /* Products */;
			projectDirPath = "";
			projectRoot = "";
			targets = (
				3049AB881AA84AF0006DB915 /* ComicVuforia */,
				3049ABA11AA84AF0006DB915 /* ComicVuforiaTests */,
			);
		};
/* End PBXProject section */

/* Begin PBXResourcesBuildPhase section */
		3049AB871AA84AF0006DB915 /* Resources */ = {
			isa = PBXResourcesBuildPhase;
			buildActionMask = 2147483647;
			files = (
				88EB1BFC1AF3506F00E57BC0 /* info.png in Resources */,
				88BD1F651AF0BBC20066CA4F /* model.plist in Resources */,
				881B6B141AB949810057A746 /* base_00.png in Resources */,
				88EC5A7F1B0360BD00BC7ADD /* Lnuyasha.scnassets in Resources */,
				881B6B1A1AB949810057A746 /* mouth_00.png in Resources */,
				88EC5A841B0360BD00BC7ADD /* Serena.scnassets in Resources */,
				88EC5A851B0360BD00BC7ADD /* Wally.scnassets in Resources */,
				88EC5A811B0360BD00BC7ADD /* SpongeBob.scnassets in Resources */,
				886EF7C31AB921A500785CF1 /* gtk_cancel.png in Resources */,
				306619AC1AA93C8A00F4D8C9 /* Tarmac.dat in Resources */,
				881B6B101AB949810057A746 /* Histoire.png in Resources */,
				88EB1BF71AF346B700E57BC0 /* switch.png in Resources */,
				3049AB981AA84AF0006DB915 /* Main.storyboard in Resources */,
				88EB1BFA1AF349F700E57BC0 /* snap.png in Resources */,
				881B6B131AB949810057A746 /* acce.png in Resources */,
				881B6B151AB949810057A746 /* body_c.png in Resources */,
				88F6F8CA1B03409E000A3778 /* Baymax.scnassets in Resources */,
				884106971B01CEC900E71C1B /* ComicVuforia.dat in Resources */,
				88C925B51B038DAA002E9F24 /* AppleWatch.scnassets in Resources */,
				306619AB1AA93C8A00F4D8C9 /* StonesAndChips.xml in Resources */,
				88EB1C001AF35FA400E57BC0 /* voice.png in Resources */,
				884106981B01CEC900E71C1B /* ComicVuforia.xml in Resources */,
				881B6B171AB949810057A746 /* eyelid_00.png in Resources */,
				306619AD1AA93C8A00F4D8C9 /* Tarmac.xml in Resources */,
				881B6B191AB949810057A746 /* hair_c.png in Resources */,
				881B6B1B1AB949810057A746 /* pupil_00.png in Resources */,
				88EB1BFE1AF35C7B00E57BC0 /* smile.png in Resources */,
				88EB1BF21AF346B700E57BC0 /* close.png in Resources */,
				888C48DC1AAD681B007CA1CC /* lf.dat in Resources */,
				3049AB9A1AA84AF0006DB915 /* Images.xcassets in Resources */,
				888C48DB1AAD681B007CA1CC /* lf.xml in Resources */,
				88EB1BF31AF346B700E57BC0 /* more.png in Resources */,
				306619AA1AA93C8A00F4D8C9 /* StonesAndChips.dat in Resources */,
				881B6B0F1AB949810057A746 /* Histoire.dae in Resources */,
				88EB1BE91AF3428F00E57BC0 /* lf.jpg in Resources */,
				881B6B181AB949810057A746 /* face_c.png in Resources */,
				88EC5A801B0360BD00BC7ADD /* Mario.scnassets in Resources */,
				881B6B161AB949810057A746 /* brow_00.png in Resources */,
				88EC5A7E1B0360BD00BC7ADD /* Baymax2.scnassets in Resources */,
				88EB1BF41AF346B700E57BC0 /* return.png in Resources */,
			);
			runOnlyForDeploymentPostprocessing = 0;
		};
		3049ABA01AA84AF0006DB915 /* Resources */ = {
			isa = PBXResourcesBuildPhase;
			buildActionMask = 2147483647;
			files = (
			);
			runOnlyForDeploymentPostprocessing = 0;
		};
/* End PBXResourcesBuildPhase section */

/* Begin PBXSourcesBuildPhase section */
		3049AB851AA84AF0006DB915 /* Sources */ = {
			isa = PBXSourcesBuildPhase;
			buildActionMask = 2147483647;
			files = (
				3066195D1AA9384F00F4D8C9 /* SampleApplicationUtils.cpp in Sources */,
				3049AB951AA84AF0006DB915 /* ViewController.m in Sources */,
				88BD1F431AF0BA8C0066CA4F /* mztools.c in Sources */,
				88BD1F451AF0BA8C0066CA4F /* zip.c in Sources */,
				88BD1F601AF0BAE40066CA4F /* AFURLConnectionOperation.m in Sources */,
				88BD1F5F1AF0BAE40066CA4F /* AFSecurityPolicy.m in Sources */,
				88BD1F461AF0BA8C0066CA4F /* SSZipArchive.m in Sources */,
				88BD1F5D1AF0BAE40066CA4F /* AFHTTPSessionManager.m in Sources */,
				3049AB921AA84AF0006DB915 /* AppDelegate.m in Sources */,
				880D65AA1AABD17300AEAE61 /* CustomButton.m in Sources */,
				306619481AA937BE00F4D8C9 /* ImageTargetsEAGLView.mm in Sources */,
				306619491AA937BE00F4D8C9 /* ImageTargetsViewController.mm in Sources */,
				886BE8311AABEAFA0049F68B /* MBProgressHUD.m in Sources */,
				3049AB8F1AA84AF0006DB915 /* main.m in Sources */,
				88BD1F5C1AF0BAE40066CA4F /* AFHTTPRequestOperationManager.m in Sources */,
				88C347241B02DDD500A5D8C9 /* SampleMath.cpp in Sources */,
				88D4C6BA1ABFF006002B782E /* UIImage+fixOrientation.m in Sources */,
				88BD1F5B1AF0BAE40066CA4F /* AFHTTPRequestOperation.m in Sources */,
				88BD1F631AF0BAE40066CA4F /* AFURLSessionManager.m in Sources */,
				88BD1F421AF0BA8C0066CA4F /* ioapi.c in Sources */,
				88BD1F5E1AF0BAE40066CA4F /* AFNetworkReachabilityManager.m in Sources */,
				88BD1F621AF0BAE40066CA4F /* AFURLResponseSerialization.m in Sources */,
				88BD1F611AF0BAE40066CA4F /* AFURLRequestSerialization.m in Sources */,
				88BD1F441AF0BA8C0066CA4F /* unzip.c in Sources */,
				306619421AA9357C00F4D8C9 /* QCARSession.mm in Sources */,
				886EF7C21AB921A500785CF1 /* BriefViewController.m in Sources */,
				886EF7C11AB921A500785CF1 /* AboutViewController.m in Sources */,
				886EF7C61AB9253500785CF1 /* SettingViewController.m in Sources */,
				88DF22041ABBFE1F00B65E21 /* Reachability.m in Sources */,
			);
			runOnlyForDeploymentPostprocessing = 0;
		};
		3049AB9E1AA84AF0006DB915 /* Sources */ = {
			isa = PBXSourcesBuildPhase;
			buildActionMask = 2147483647;
			files = (
				3049ABA91AA84AF0006DB915 /* ComicVuforiaTests.m in Sources */,
			);
			runOnlyForDeploymentPostprocessing = 0;
		};
/* End PBXSourcesBuildPhase section */

/* Begin PBXTargetDependency section */
		3049ABA41AA84AF0006DB915 /* PBXTargetDependency */ = {
			isa = PBXTargetDependency;
			target = 3049AB881AA84AF0006DB915 /* ComicVuforia */;
			targetProxy = 3049ABA31AA84AF0006DB915 /* PBXContainerItemProxy */;
		};
/* End PBXTargetDependency section */

/* Begin PBXVariantGroup section */
		3049AB961AA84AF0006DB915 /* Main.storyboard */ = {
			isa = PBXVariantGroup;
			children = (
				3049AB971AA84AF0006DB915 /* Base */,
			);
			name = Main.storyboard;
			sourceTree = "<group>";
		};
/* End PBXVariantGroup section */

/* Begin XCBuildConfiguration section */
		3049ABAA1AA84AF0006DB915 /* Debug */ = {
			isa = XCBuildConfiguration;
			buildSettings = {
				ALWAYS_SEARCH_USER_PATHS = NO;
				CLANG_CXX_LANGUAGE_STANDARD = "gnu++0x";
				CLANG_CXX_LIBRARY = "libc++";
				CLANG_ENABLE_MODULES = YES;
				CLANG_ENABLE_OBJC_ARC = YES;
				CLANG_WARN_BOOL_CONVERSION = YES;
				CLANG_WARN_CONSTANT_CONVERSION = YES;
				CLANG_WARN_DIRECT_OBJC_ISA_USAGE = YES_ERROR;
				CLANG_WARN_EMPTY_BODY = YES;
				CLANG_WARN_ENUM_CONVERSION = YES;
				CLANG_WARN_INT_CONVERSION = YES;
				CLANG_WARN_OBJC_ROOT_CLASS = YES_ERROR;
				CLANG_WARN_UNREACHABLE_CODE = YES;
				CLANG_WARN__DUPLICATE_METHOD_MATCH = YES;
				"CODE_SIGN_IDENTITY[sdk=iphoneos*]" = "iPhone Developer";
				COPY_PHASE_STRIP = NO;
				ENABLE_STRICT_OBJC_MSGSEND = YES;
				GCC_C_LANGUAGE_STANDARD = gnu99;
				GCC_DYNAMIC_NO_PIC = NO;
				GCC_OPTIMIZATION_LEVEL = 0;
				GCC_PREPROCESSOR_DEFINITIONS = (
					"DEBUG=1",
					"$(inherited)",
				);
				GCC_SYMBOLS_PRIVATE_EXTERN = NO;
				GCC_WARN_64_TO_32_BIT_CONVERSION = YES;
				GCC_WARN_ABOUT_RETURN_TYPE = YES_ERROR;
				GCC_WARN_UNDECLARED_SELECTOR = YES;
				GCC_WARN_UNINITIALIZED_AUTOS = YES_AGGRESSIVE;
				GCC_WARN_UNUSED_FUNCTION = YES;
				GCC_WARN_UNUSED_VARIABLE = YES;
				IPHONEOS_DEPLOYMENT_TARGET = 8.1;
				MTL_ENABLE_DEBUG_INFO = YES;
				ONLY_ACTIVE_ARCH = YES;
				SDKROOT = iphoneos;
				TARGETED_DEVICE_FAMILY = "1,2";
			};
			name = Debug;
		};
		3049ABAB1AA84AF0006DB915 /* Release */ = {
			isa = XCBuildConfiguration;
			buildSettings = {
				ALWAYS_SEARCH_USER_PATHS = NO;
				CLANG_CXX_LANGUAGE_STANDARD = "gnu++0x";
				CLANG_CXX_LIBRARY = "libc++";
				CLANG_ENABLE_MODULES = YES;
				CLANG_ENABLE_OBJC_ARC = YES;
				CLANG_WARN_BOOL_CONVERSION = YES;
				CLANG_WARN_CONSTANT_CONVERSION = YES;
				CLANG_WARN_DIRECT_OBJC_ISA_USAGE = YES_ERROR;
				CLANG_WARN_EMPTY_BODY = YES;
				CLANG_WARN_ENUM_CONVERSION = YES;
				CLANG_WARN_INT_CONVERSION = YES;
				CLANG_WARN_OBJC_ROOT_CLASS = YES_ERROR;
				CLANG_WARN_UNREACHABLE_CODE = YES;
				CLANG_WARN__DUPLICATE_METHOD_MATCH = YES;
				"CODE_SIGN_IDENTITY[sdk=iphoneos*]" = "iPhone Developer";
				COPY_PHASE_STRIP = YES;
				ENABLE_NS_ASSERTIONS = NO;
				ENABLE_STRICT_OBJC_MSGSEND = YES;
				GCC_C_LANGUAGE_STANDARD = gnu99;
				GCC_WARN_64_TO_32_BIT_CONVERSION = YES;
				GCC_WARN_ABOUT_RETURN_TYPE = YES_ERROR;
				GCC_WARN_UNDECLARED_SELECTOR = YES;
				GCC_WARN_UNINITIALIZED_AUTOS = YES_AGGRESSIVE;
				GCC_WARN_UNUSED_FUNCTION = YES;
				GCC_WARN_UNUSED_VARIABLE = YES;
				IPHONEOS_DEPLOYMENT_TARGET = 8.1;
				MTL_ENABLE_DEBUG_INFO = NO;
				SDKROOT = iphoneos;
				TARGETED_DEVICE_FAMILY = "1,2";
				VALIDATE_PRODUCT = YES;
			};
			name = Release;
		};
		3049ABAD1AA84AF0006DB915 /* Debug */ = {
			isa = XCBuildConfiguration;
			buildSettings = {
				ASSETCATALOG_COMPILER_APPICON_NAME = AppIcon;
				FRAMEWORK_SEARCH_PATHS = (
					"$(inherited)",
					"$(PROJECT_DIR)/ComicVuforia",
				);
				"HEADER_SEARCH_PATHS[arch=*]" = (
					"$(inherited)",
					/Applications/Xcode.app/Contents/Developer/Toolchains/XcodeDefault.xctoolchain/usr/include,
					/Users/jinjay/Downloads/vuforia_sdk/build/include,
				);
				INFOPLIST_FILE = ComicVuforia/Info.plist;
				LD_RUNPATH_SEARCH_PATHS = "$(inherited) @executable_path/Frameworks";
				LIBRARY_SEARCH_PATHS = (
					"$(inherited)",
					./vuforia_sdk/build/lib/arm,
				);
				PRODUCT_NAME = "$(TARGET_NAME)";
			};
			name = Debug;
		};
		3049ABAE1AA84AF0006DB915 /* Release */ = {
			isa = XCBuildConfiguration;
			buildSettings = {
				ASSETCATALOG_COMPILER_APPICON_NAME = AppIcon;
				FRAMEWORK_SEARCH_PATHS = (
					"$(inherited)",
					"$(PROJECT_DIR)/ComicVuforia",
				);
				"HEADER_SEARCH_PATHS[arch=*]" = (
					"$(inherited)",
					/Applications/Xcode.app/Contents/Developer/Toolchains/XcodeDefault.xctoolchain/usr/include,
					/Users/jinjay/Downloads/vuforia_sdk/build/include,
				);
				INFOPLIST_FILE = ComicVuforia/Info.plist;
				LD_RUNPATH_SEARCH_PATHS = "$(inherited) @executable_path/Frameworks";
				LIBRARY_SEARCH_PATHS = (
					"$(inherited)",
					./vuforia_sdk/build/lib/arm,
				);
				PRODUCT_NAME = "$(TARGET_NAME)";
			};
			name = Release;
		};
		3049ABB01AA84AF0006DB915 /* Debug */ = {
			isa = XCBuildConfiguration;
			buildSettings = {
				BUNDLE_LOADER = "$(TEST_HOST)";
				FRAMEWORK_SEARCH_PATHS = (
					"$(SDKROOT)/Developer/Library/Frameworks",
					"$(inherited)",
				);
				GCC_PREPROCESSOR_DEFINITIONS = (
					"DEBUG=1",
					"$(inherited)",
				);
				INFOPLIST_FILE = ComicVuforiaTests/Info.plist;
				LD_RUNPATH_SEARCH_PATHS = "$(inherited) @executable_path/Frameworks @loader_path/Frameworks";
				PRODUCT_NAME = "$(TARGET_NAME)";
				TEST_HOST = "$(BUILT_PRODUCTS_DIR)/ComicVuforia.app/ComicVuforia";
			};
			name = Debug;
		};
		3049ABB11AA84AF0006DB915 /* Release */ = {
			isa = XCBuildConfiguration;
			buildSettings = {
				BUNDLE_LOADER = "$(TEST_HOST)";
				FRAMEWORK_SEARCH_PATHS = (
					"$(SDKROOT)/Developer/Library/Frameworks",
					"$(inherited)",
				);
				INFOPLIST_FILE = ComicVuforiaTests/Info.plist;
				LD_RUNPATH_SEARCH_PATHS = "$(inherited) @executable_path/Frameworks @loader_path/Frameworks";
				PRODUCT_NAME = "$(TARGET_NAME)";
				TEST_HOST = "$(BUILT_PRODUCTS_DIR)/ComicVuforia.app/ComicVuforia";
			};
			name = Release;
		};
/* End XCBuildConfiguration section */

/* Begin XCConfigurationList section */
		3049AB841AA84AF0006DB915 /* Build configuration list for PBXProject "ComicVuforia" */ = {
			isa = XCConfigurationList;
			buildConfigurations = (
				3049ABAA1AA84AF0006DB915 /* Debug */,
				3049ABAB1AA84AF0006DB915 /* Release */,
			);
			defaultConfigurationIsVisible = 0;
			defaultConfigurationName = Release;
		};
		3049ABAC1AA84AF0006DB915 /* Build configuration list for PBXNativeTarget "ComicVuforia" */ = {
			isa = XCConfigurationList;
			buildConfigurations = (
				3049ABAD1AA84AF0006DB915 /* Debug */,
				3049ABAE1AA84AF0006DB915 /* Release */,
			);
			defaultConfigurationIsVisible = 0;
			defaultConfigurationName = Release;
		};
		3049ABAF1AA84AF0006DB915 /* Build configuration list for PBXNativeTarget "ComicVuforiaTests" */ = {
			isa = XCConfigurationList;
			buildConfigurations = (
				3049ABB01AA84AF0006DB915 /* Debug */,
				3049ABB11AA84AF0006DB915 /* Release */,
			);
			defaultConfigurationIsVisible = 0;
			defaultConfigurationName = Release;
		};
/* End XCConfigurationList section */
	};
	rootObject = 3049AB811AA84AF0006DB915 /* Project object */;
}
